
Microsoft Visual Studio Solution File, Format Version 12.00
# Visual Studio 14
VisualStudioVersion = 14.0.25420.1
MinimumVisualStudioVersion = 10.0.40219.1
Project("{FAE04EC0-301F-11D3-BF4B-00C04F79EFBC}") = "AVR Visualizer", "AVR Visualizer\AVR Visualizer.csproj", "{8E5138AB-7C17-4F1A-B8CF-D067075F79FA}"
EndProject
Project("{FAE04EC0-301F-11D3-BF4B-00C04F79EFBC}") = "AVR VisualizerTests", "AVR VisualizerTests\AVR VisualizerTests.csproj", "{432598AB-9125-4337-925C-8859714CA160}"
EndProject
Global
	GlobalSection(SolutionConfigurationPlatforms) = preSolution
		Debug|Any CPU = Debug|Any CPU
		Release|Any CPU = Release|Any CPU
	EndGlobalSection
	GlobalSection(ProjectConfigurationPlatforms) = postSolution
		{8E5138AB-7C17-4F1A-B8CF-D067075F79FA}.Debug|Any CPU.ActiveCfg = Debug|Any CPU
		{8E5138AB-7C17-4F1A-B8CF-D067075F79FA}.Debug|Any CPU.Build.0 = Debug|Any CPU
		{8E5138AB-7C17-4F1A-B8CF-D067075F79FA}.Release|Any CPU.ActiveCfg = Release|Any CPU
		{8E5138AB-7C17-4F1A-B8CF-D067075F79FA}.Release|Any CPU.Build.0 = Release|Any CPU
		{432598AB-9125-4337-925C-8859714CA160}.Debug|Any CPU.ActiveCfg = Debug|Any CPU
		{432598AB-9125-4337-925C-8859714CA160}.Debug|Any CPU.Build.0 = Debug|Any CPU
		{432598AB-9125-4337-925C-8859714CA160}.Release|Any CPU.ActiveCfg = Release|Any CPU
		{432598AB-9125-4337-925C-8859714CA160}.Release|Any CPU.Build.0 = Release|Any CPU
	EndGlobalSection
	GlobalSection(SolutionProperties) = preSolution
		HideSolutionNode = FALSE
	EndGlobalSection
EndGlobal
